{
  "requires": true,
  "lockfileVersion": 1,
  "dependencies": {
    "github-profile-card": {
      "version": "3.0.0",
      "resolved": "https://registry.npmjs.org/github-profile-card/-/github-profile-card-3.0.0.tgz",
      "integrity": "sha512-KNie/i93AsNxIc32vr4tl/DUdDbuo8c26uPvzj0+Kv7wmT/BEdqIZ+z71Z0STbu5NumoabZzdg/vedVEMZ569Q=="
    }
  }
}
